
Microsoft Visual Studio Solution File, Format Version 12.00
# Visual Studio Version 17
VisualStudioVersion = 17.10.35013.160
MinimumVisualStudioVersion = 10.0.40219.1
Project("{FAE04EC0-301F-11D3-BF4B-00C04F79EFBC}") = "CookingApplication", "CookingApplication\CookingApplication.csproj", "{54BD1B51-67FA-480E-B9AE-D5BCF72F0B7C}"
EndProject
Global
	GlobalSection(SolutionConfigurationPlatforms) = preSolution
		Debug|Any CPU = Debug|Any CPU
		Release|Any CPU = Release|Any CPU
	EndGlobalSection
	GlobalSection(ProjectConfigurationPlatforms) = postSolution
		{54BD1B51-67FA-480E-B9AE-D5BCF72F0B7C}.Debug|Any CPU.ActiveCfg = Debug|Any CPU
		{54BD1B51-67FA-480E-B9AE-D5BCF72F0B7C}.Debug|Any CPU.Build.0 = Debug|Any CPU
		{54BD1B51-67FA-480E-B9AE-D5BCF72F0B7C}.Release|Any CPU.ActiveCfg = Release|Any CPU
		{54BD1B51-67FA-480E-B9AE-D5BCF72F0B7C}.Release|Any CPU.Build.0 = Release|Any CPU
	EndGlobalSection
	GlobalSection(SolutionProperties) = preSolution
		HideSolutionNode = FALSE
	EndGlobalSection
	GlobalSection(ExtensibilityGlobals) = postSolution
		SolutionGuid = {54ECA371-4B74-4475-B676-6A75F83C8842}
	EndGlobalSection
EndGlobal
